
Microsoft Visual Studio Solution File, Format Version 12.00
# Visual Studio Version 17
VisualStudioVersion = 17.4.33213.308
MinimumVisualStudioVersion = 10.0.40219.1
Project("{FAE04EC0-301F-11D3-BF4B-00C04F79EFBC}") = "RapidPay.API", "RapidPay.API\RapidPay.API.csproj", "{054C5D10-6020-4452-838B-3C3BBB2CADF8}"
EndProject
Global
	GlobalSection(SolutionConfigurationPlatforms) = preSolution
		Debug|Any CPU = Debug|Any CPU
		Release|Any CPU = Release|Any CPU
	EndGlobalSection
	GlobalSection(ProjectConfigurationPlatforms) = postSolution
		{054C5D10-6020-4452-838B-3C3BBB2CADF8}.Debug|Any CPU.ActiveCfg = Debug|Any CPU
		{054C5D10-6020-4452-838B-3C3BBB2CADF8}.Debug|Any CPU.Build.0 = Debug|Any CPU
		{054C5D10-6020-4452-838B-3C3BBB2CADF8}.Release|Any CPU.ActiveCfg = Release|Any CPU
		{054C5D10-6020-4452-838B-3C3BBB2CADF8}.Release|Any CPU.Build.0 = Release|Any CPU
	EndGlobalSection
	GlobalSection(SolutionProperties) = preSolution
		HideSolutionNode = FALSE
	EndGlobalSection
	GlobalSection(ExtensibilityGlobals) = postSolution
		SolutionGuid = {A0A77116-9640-40B0-9B86-17A7BA9242EB}
	EndGlobalSection
EndGlobal
